
Microsoft Visual Studio Solution File, Format Version 12.00
# Visual Studio Version 17
VisualStudioVersion = 17.13.35919.96 d17.13
MinimumVisualStudioVersion = 10.0.40219.1
Project("{FAE04EC0-301F-11D3-BF4B-00C04F79EFBC}") = "ClassroomManagementSystem", "ClassroomManagementSystem.csproj", "{0EA3A5FE-766B-4408-A5C4-EADCEF25FBDA}"
EndProject
Global
	GlobalSection(SolutionConfigurationPlatforms) = preSolution
		Debug|Any CPU = Debug|Any CPU
		Release|Any CPU = Release|Any CPU
	EndGlobalSection
	GlobalSection(ProjectConfigurationPlatforms) = postSolution
		{0EA3A5FE-766B-4408-A5C4-EADCEF25FBDA}.Debug|Any CPU.ActiveCfg = Debug|Any CPU
		{0EA3A5FE-766B-4408-A5C4-EADCEF25FBDA}.Debug|Any CPU.Build.0 = Debug|Any CPU
		{0EA3A5FE-766B-4408-A5C4-EADCEF25FBDA}.Release|Any CPU.ActiveCfg = Release|Any CPU
		{0EA3A5FE-766B-4408-A5C4-EADCEF25FBDA}.Release|Any CPU.Build.0 = Release|Any CPU
	EndGlobalSection
	GlobalSection(SolutionProperties) = preSolution
		HideSolutionNode = FALSE
	EndGlobalSection
	GlobalSection(ExtensibilityGlobals) = postSolution
		SolutionGuid = {4664619F-9DA8-466F-94E6-18EFAC17ECA6}
	EndGlobalSection
EndGlobal
